
Microsoft Visual Studio Solution File, Format Version 12.00
# Visual Studio Version 16
VisualStudioVersion = 16.0.29009.5
MinimumVisualStudioVersion = 10.0.40219.1
Project("{FAE04EC0-301F-11D3-BF4B-00C04F79EFBC}") = "Beer Collection", "Beer Collection.csproj", "{24E96009-CFBF-41D1-B486-620005717494}"
EndProject
Global
	GlobalSection(SolutionConfigurationPlatforms) = preSolution
		Debug|Any CPU = Debug|Any CPU
		Release|Any CPU = Release|Any CPU
	EndGlobalSection
	GlobalSection(ProjectConfigurationPlatforms) = postSolution
		{24E96009-CFBF-41D1-B486-620005717494}.Debug|Any CPU.ActiveCfg = Debug|Any CPU
		{24E96009-CFBF-41D1-B486-620005717494}.Debug|Any CPU.Build.0 = Debug|Any CPU
		{24E96009-CFBF-41D1-B486-620005717494}.Release|Any CPU.ActiveCfg = Release|Any CPU
		{24E96009-CFBF-41D1-B486-620005717494}.Release|Any CPU.Build.0 = Release|Any CPU
	EndGlobalSection
	GlobalSection(SolutionProperties) = preSolution
		HideSolutionNode = FALSE
	EndGlobalSection
	GlobalSection(ExtensibilityGlobals) = postSolution
		SolutionGuid = {7DA5F36C-8410-4D59-AFAD-B3D4757F640B}
	EndGlobalSection
EndGlobal
